// !$*UTF8*$!
{
	archiveVersion = 1;
	classes = {
	};
	objectVersion = 46;
	objects = {

/* Begin PBXBuildFile section */
		DC2068671D6509EA006154C7 /* MapKit.framework in Frameworks */ = {isa = PBXBuildFile; fileRef = DC2068661D6509EA006154C7 /* MapKit.framework */; };
		DC2068691D650AC9006154C7 /* TravelLocationsMapViewController.swift in Sources */ = {isa = PBXBuildFile; fileRef = DC2068681D650AC9006154C7 /* TravelLocationsMapViewController.swift */; };
		DC20686B1D650BD7006154C7 /* PhotoAlbumViewController.swift in Sources */ = {isa = PBXBuildFile; fileRef = DC20686A1D650BD7006154C7 /* PhotoAlbumViewController.swift */; };
		DC20686E1D650E1B006154C7 /* Model.xcdatamodeld in Sources */ = {isa = PBXBuildFile; fileRef = DC20686C1D650E1B006154C7 /* Model.xcdatamodeld */; };
		DC2068711D6512DD006154C7 /* Pin+CoreDataProperties.swift in Sources */ = {isa = PBXBuildFile; fileRef = DC20686F1D6512DD006154C7 /* Pin+CoreDataProperties.swift */; };
		DC2068721D6512DD006154C7 /* Pin.swift in Sources */ = {isa = PBXBuildFile; fileRef = DC2068701D6512DD006154C7 /* Pin.swift */; };
		DC20687B1D65B4D0006154C7 /* Constants.swift in Sources */ = {isa = PBXBuildFile; fileRef = DC20687A1D65B4D0006154C7 /* Constants.swift */; };
		DC20687D1D65B565006154C7 /* SwiftyJSON.swift in Sources */ = {isa = PBXBuildFile; fileRef = DC20687C1D65B565006154C7 /* SwiftyJSON.swift */; };
		DC2068801D65B5D9006154C7 /* FunctionsHelper.swift in Sources */ = {isa = PBXBuildFile; fileRef = DC20687E1D65B5D9006154C7 /* FunctionsHelper.swift */; };
		DC2068811D65B5D9006154C7 /* HTTPHelper.swift in Sources */ = {isa = PBXBuildFile; fileRef = DC20687F1D65B5D9006154C7 /* HTTPHelper.swift */; };
		DC2068841D65B76D006154C7 /* Logger.swift in Sources */ = {isa = PBXBuildFile; fileRef = DC2068821D65B76D006154C7 /* Logger.swift */; };
		DC2068851D65B76D006154C7 /* XCGLogger.swift in Sources */ = {isa = PBXBuildFile; fileRef = DC2068831D65B76D006154C7 /* XCGLogger.swift */; };
		DC2068881D65B7A5006154C7 /* FlickerClient.swift in Sources */ = {isa = PBXBuildFile; fileRef = DC2068871D65B7A5006154C7 /* FlickerClient.swift */; };
		DCE4D2181D64FBB600422673 /* AppDelegate.swift in Sources */ = {isa = PBXBuildFile; fileRef = DCE4D2171D64FBB600422673 /* AppDelegate.swift */; };
		DCE4D21D1D64FBB600422673 /* Main.storyboard in Resources */ = {isa = PBXBuildFile; fileRef = DCE4D21B1D64FBB600422673 /* Main.storyboard */; };
		DCE4D21F1D64FBB600422673 /* Assets.xcassets in Resources */ = {isa = PBXBuildFile; fileRef = DCE4D21E1D64FBB600422673 /* Assets.xcassets */; };
		DCE4D2221D64FBB600422673 /* LaunchScreen.storyboard in Resources */ = {isa = PBXBuildFile; fileRef = DCE4D2201D64FBB600422673 /* LaunchScreen.storyboard */; };
/* End PBXBuildFile section */

/* Begin PBXFileReference section */
		DC2068661D6509EA006154C7 /* MapKit.framework */ = {isa = PBXFileReference; lastKnownFileType = wrapper.framework; name = MapKit.framework; path = System/Library/Frameworks/MapKit.framework; sourceTree = SDKROOT; };
		DC2068681D650AC9006154C7 /* TravelLocationsMapViewController.swift */ = {isa = PBXFileReference; fileEncoding = 4; lastKnownFileType = sourcecode.swift; path = TravelLocationsMapViewController.swift; sourceTree = "<group>"; };
		DC20686A1D650BD7006154C7 /* PhotoAlbumViewController.swift */ = {isa = PBXFileReference; fileEncoding = 4; lastKnownFileType = sourcecode.swift; path = PhotoAlbumViewController.swift; sourceTree = "<group>"; };
		DC20686D1D650E1B006154C7 /* Model.xcdatamodel */ = {isa = PBXFileReference; lastKnownFileType = wrapper.xcdatamodel; path = Model.xcdatamodel; sourceTree = "<group>"; };
		DC20686F1D6512DD006154C7 /* Pin+CoreDataProperties.swift */ = {isa = PBXFileReference; fileEncoding = 4; lastKnownFileType = sourcecode.swift; path = "Pin+CoreDataProperties.swift"; sourceTree = "<group>"; };
		DC2068701D6512DD006154C7 /* Pin.swift */ = {isa = PBXFileReference; fileEncoding = 4; lastKnownFileType = sourcecode.swift; path = Pin.swift; sourceTree = "<group>"; };
		DC20687A1D65B4D0006154C7 /* Constants.swift */ = {isa = PBXFileReference; fileEncoding = 4; lastKnownFileType = sourcecode.swift; path = Constants.swift; sourceTree = "<group>"; };
		DC20687C1D65B565006154C7 /* SwiftyJSON.swift */ = {isa = PBXFileReference; fileEncoding = 4; lastKnownFileType = sourcecode.swift; path = SwiftyJSON.swift; sourceTree = "<group>"; };
		DC20687E1D65B5D9006154C7 /* FunctionsHelper.swift */ = {isa = PBXFileReference; fileEncoding = 4; lastKnownFileType = sourcecode.swift; path = FunctionsHelper.swift; sourceTree = "<group>"; };
		DC20687F1D65B5D9006154C7 /* HTTPHelper.swift */ = {isa = PBXFileReference; fileEncoding = 4; lastKnownFileType = sourcecode.swift; path = HTTPHelper.swift; sourceTree = "<group>"; };
		DC2068821D65B76D006154C7 /* Logger.swift */ = {isa = PBXFileReference; fileEncoding = 4; lastKnownFileType = sourcecode.swift; path = Logger.swift; sourceTree = "<group>"; };
		DC2068831D65B76D006154C7 /* XCGLogger.swift */ = {isa = PBXFileReference; fileEncoding = 4; lastKnownFileType = sourcecode.swift; path = XCGLogger.swift; sourceTree = "<group>"; };
		DC2068871D65B7A5006154C7 /* FlickerClient.swift */ = {isa = PBXFileReference; fileEncoding = 4; lastKnownFileType = sourcecode.swift; path = FlickerClient.swift; sourceTree = "<group>"; };
		DCE4D2141D64FBB600422673 /* VirtualTourist.app */ = {isa = PBXFileReference; explicitFileType = wrapper.application; includeInIndex = 0; path = VirtualTourist.app; sourceTree = BUILT_PRODUCTS_DIR; };
		DCE4D2171D64FBB600422673 /* AppDelegate.swift */ = {isa = PBXFileReference; lastKnownFileType = sourcecode.swift; path = AppDelegate.swift; sourceTree = "<group>"; };
		DCE4D21C1D64FBB600422673 /* Base */ = {isa = PBXFileReference; lastKnownFileType = file.storyboard; name = Base; path = Base.lproj/Main.storyboard; sourceTree = "<group>"; };
		DCE4D21E1D64FBB600422673 /* Assets.xcassets */ = {isa = PBXFileReference; lastKnownFileType = folder.assetcatalog; path = Assets.xcassets; sourceTree = "<group>"; };
		DCE4D2211D64FBB600422673 /* Base */ = {isa = PBXFileReference; lastKnownFileType = file.storyboard; name = Base; path = Base.lproj/LaunchScreen.storyboard; sourceTree = "<group>"; };
		DCE4D2231D64FBB600422673 /* Info.plist */ = {isa = PBXFileReference; lastKnownFileType = text.plist.xml; path = Info.plist; sourceTree = "<group>"; };
/* End PBXFileReference section */

/* Begin PBXFrameworksBuildPhase section */
		DCE4D2111D64FBB600422673 /* Frameworks */ = {
			isa = PBXFrameworksBuildPhase;
			buildActionMask = 2147483647;
			files = (
				DC2068671D6509EA006154C7 /* MapKit.framework in Frameworks */,
			);
			runOnlyForDeploymentPostprocessing = 0;
		};
/* End PBXFrameworksBuildPhase section */

/* Begin PBXGroup section */
		DC2068611D64FC64006154C7 /* Assets */ = {
			isa = PBXGroup;
			children = (
				DCE4D21B1D64FBB600422673 /* Main.storyboard */,
				DCE4D21E1D64FBB600422673 /* Assets.xcassets */,
				DCE4D2201D64FBB600422673 /* LaunchScreen.storyboard */,
				DCE4D2231D64FBB600422673 /* Info.plist */,
			);
			name = Assets;
			sourceTree = "<group>";
		};
		DC2068621D64FC75006154C7 /* Controller */ = {
			isa = PBXGroup;
			children = (
				DC20686A1D650BD7006154C7 /* PhotoAlbumViewController.swift */,
				DC2068681D650AC9006154C7 /* TravelLocationsMapViewController.swift */,
			);
			name = Controller;
			sourceTree = "<group>";
		};
		DC2068631D64FC7E006154C7 /* Model */ = {
			isa = PBXGroup;
			children = (
				DC20686F1D6512DD006154C7 /* Pin+CoreDataProperties.swift */,
				DC2068701D6512DD006154C7 /* Pin.swift */,
				DC20686C1D650E1B006154C7 /* Model.xcdatamodeld */,
				DC20687A1D65B4D0006154C7 /* Constants.swift */,
				DC2068871D65B7A5006154C7 /* FlickerClient.swift */,
			);
			name = Model;
			sourceTree = "<group>";
		};
		DC2068641D64FC85006154C7 /* Others */ = {
			isa = PBXGroup;
			children = (
				DC2068861D65B772006154C7 /* Log */,
				DCE4D2171D64FBB600422673 /* AppDelegate.swift */,
				DC20687C1D65B565006154C7 /* SwiftyJSON.swift */,
				DC20687E1D65B5D9006154C7 /* FunctionsHelper.swift */,
				DC20687F1D65B5D9006154C7 /* HTTPHelper.swift */,
			);
			name = Others;
			sourceTree = "<group>";
		};
		DC2068651D64FC8A006154C7 /* View */ = {
			isa = PBXGroup;
			children = (
			);
			name = View;
			sourceTree = "<group>";
		};
		DC2068861D65B772006154C7 /* Log */ = {
			isa = PBXGroup;
			children = (
				DC2068821D65B76D006154C7 /* Logger.swift */,
				DC2068831D65B76D006154C7 /* XCGLogger.swift */,
			);
			name = Log;
			sourceTree = "<group>";
		};
		DCE4D20B1D64FBB600422673 = {
			isa = PBXGroup;
			children = (
				DC2068661D6509EA006154C7 /* MapKit.framework */,
				DCE4D2161D64FBB600422673 /* VirtualTourist */,
				DCE4D2151D64FBB600422673 /* Products */,
			);
			sourceTree = "<group>";
		};
		DCE4D2151D64FBB600422673 /* Products */ = {
			isa = PBXGroup;
			children = (
				DCE4D2141D64FBB600422673 /* VirtualTourist.app */,
			);
			name = Products;
			sourceTree = "<group>";
		};
		DCE4D2161D64FBB600422673 /* VirtualTourist */ = {
			isa = PBXGroup;
			children = (
				DC2068631D64FC7E006154C7 /* Model */,
				DC2068651D64FC8A006154C7 /* View */,
				DC2068621D64FC75006154C7 /* Controller */,
				DC2068641D64FC85006154C7 /* Others */,
				DC2068611D64FC64006154C7 /* Assets */,
			);
			path = VirtualTourist;
			sourceTree = "<group>";
		};
/* End PBXGroup section */

/* Begin PBXNativeTarget section */
		DCE4D2131D64FBB600422673 /* VirtualTourist */ = {
			isa = PBXNativeTarget;
			buildConfigurationList = DCE4D2261D64FBB600422673 /* Build configuration list for PBXNativeTarget "VirtualTourist" */;
			buildPhases = (
				DCE4D2101D64FBB600422673 /* Sources */,
				DCE4D2111D64FBB600422673 /* Frameworks */,
				DCE4D2121D64FBB600422673 /* Resources */,
			);
			buildRules = (
			);
			dependencies = (
			);
			name = VirtualTourist;
			productName = VirtualTourist;
			productReference = DCE4D2141D64FBB600422673 /* VirtualTourist.app */;
			productType = "com.apple.product-type.application";
		};
/* End PBXNativeTarget section */

/* Begin PBXProject section */
		DCE4D20C1D64FBB600422673 /* Project object */ = {
			isa = PBXProject;
			attributes = {
				LastSwiftUpdateCheck = 0730;
				LastUpgradeCheck = 0730;
				ORGANIZATIONNAME = "Felix Chen";
				TargetAttributes = {
					DCE4D2131D64FBB600422673 = {
						CreatedOnToolsVersion = 7.3.1;
					};
				};
			};
			buildConfigurationList = DCE4D20F1D64FBB600422673 /* Build configuration list for PBXProject "VirtualTourist" */;
			compatibilityVersion = "Xcode 3.2";
			developmentRegion = English;
			hasScannedForEncodings = 0;
			knownRegions = (
				en,
				Base,
			);
			mainGroup = DCE4D20B1D64FBB600422673;
			productRefGroup = DCE4D2151D64FBB600422673 /* Products */;
			projectDirPath = "";
			projectRoot = "";
			targets = (
				DCE4D2131D64FBB600422673 /* VirtualTourist */,
			);
		};
/* End PBXProject section */

/* Begin PBXResourcesBuildPhase section */
		DCE4D2121D64FBB600422673 /* Resources */ = {
			isa = PBXResourcesBuildPhase;
			buildActionMask = 2147483647;
			files = (
				DCE4D2221D64FBB600422673 /* LaunchScreen.storyboard in Resources */,
				DCE4D21F1D64FBB600422673 /* Assets.xcassets in Resources */,
				DCE4D21D1D64FBB600422673 /* Main.storyboard in Resources */,
			);
			runOnlyForDeploymentPostprocessing = 0;
		};
/* End PBXResourcesBuildPhase section */

/* Begin PBXSourcesBuildPhase section */
		DCE4D2101D64FBB600422673 /* Sources */ = {
			isa = PBXSourcesBuildPhase;
			buildActionMask = 2147483647;
			files = (
				DCE4D2181D64FBB600422673 /* AppDelegate.swift in Sources */,
				DC2068841D65B76D006154C7 /* Logger.swift in Sources */,
				DC2068691D650AC9006154C7 /* TravelLocationsMapViewController.swift in Sources */,
				DC2068811D65B5D9006154C7 /* HTTPHelper.swift in Sources */,
				DC20687D1D65B565006154C7 /* SwiftyJSON.swift in Sources */,
				DC2068801D65B5D9006154C7 /* FunctionsHelper.swift in Sources */,
				DC20686B1D650BD7006154C7 /* PhotoAlbumViewController.swift in Sources */,
				DC2068721D6512DD006154C7 /* Pin.swift in Sources */,
				DC2068851D65B76D006154C7 /* XCGLogger.swift in Sources */,
				DC2068711D6512DD006154C7 /* Pin+CoreDataProperties.swift in Sources */,
				DC20686E1D650E1B006154C7 /* Model.xcdatamodeld in Sources */,
				DC2068881D65B7A5006154C7 /* FlickerClient.swift in Sources */,
				DC20687B1D65B4D0006154C7 /* Constants.swift in Sources */,
			);
			runOnlyForDeploymentPostprocessing = 0;
		};
/* End PBXSourcesBuildPhase section */

/* Begin PBXVariantGroup section */
		DCE4D21B1D64FBB600422673 /* Main.storyboard */ = {
			isa = PBXVariantGroup;
			children = (
				DCE4D21C1D64FBB600422673 /* Base */,
			);
			name = Main.storyboard;
			sourceTree = "<group>";
		};
		DCE4D2201D64FBB600422673 /* LaunchScreen.storyboard */ = {
			isa = PBXVariantGroup;
			children = (
				DCE4D2211D64FBB600422673 /* Base */,
			);
			name = LaunchScreen.storyboard;
			sourceTree = "<group>";
		};
/* End PBXVariantGroup section */

/* Begin XCBuildConfiguration section */
		DCE4D2241D64FBB600422673 /* Debug */ = {
			isa = XCBuildConfiguration;
			buildSettings = {
				ALWAYS_SEARCH_USER_PATHS = NO;
				CLANG_ANALYZER_NONNULL = YES;
				CLANG_CXX_LANGUAGE_STANDARD = "gnu++0x";
				CLANG_CXX_LIBRARY = "libc++";
				CLANG_ENABLE_MODULES = YES;
				CLANG_ENABLE_OBJC_ARC = YES;
				CLANG_WARN_BOOL_CONVERSION = YES;
				CLANG_WARN_CONSTANT_CONVERSION = YES;
				CLANG_WARN_DIRECT_OBJC_ISA_USAGE = YES_ERROR;
				CLANG_WARN_EMPTY_BODY = YES;
				CLANG_WARN_ENUM_CONVERSION = YES;
				CLANG_WARN_INT_CONVERSION = YES;
				CLANG_WARN_OBJC_ROOT_CLASS = YES_ERROR;
				CLANG_WARN_UNREACHABLE_CODE = YES;
				CLANG_WARN__DUPLICATE_METHOD_MATCH = YES;
				"CODE_SIGN_IDENTITY[sdk=iphoneos*]" = "iPhone Developer";
				COPY_PHASE_STRIP = NO;
				DEBUG_INFORMATION_FORMAT = dwarf;
				ENABLE_STRICT_OBJC_MSGSEND = YES;
				ENABLE_TESTABILITY = YES;
				GCC_C_LANGUAGE_STANDARD = gnu99;
				GCC_DYNAMIC_NO_PIC = NO;
				GCC_NO_COMMON_BLOCKS = YES;
				GCC_OPTIMIZATION_LEVEL = 0;
				GCC_PREPROCESSOR_DEFINITIONS = (
					"DEBUG=1",
					"$(inherited)",
				);
				GCC_WARN_64_TO_32_BIT_CONVERSION = YES;
				GCC_WARN_ABOUT_RETURN_TYPE = YES_ERROR;
				GCC_WARN_UNDECLARED_SELECTOR = YES;
				GCC_WARN_UNINITIALIZED_AUTOS = YES_AGGRESSIVE;
				GCC_WARN_UNUSED_FUNCTION = YES;
				GCC_WARN_UNUSED_VARIABLE = YES;
				IPHONEOS_DEPLOYMENT_TARGET = 9.3;
				MTL_ENABLE_DEBUG_INFO = YES;
				ONLY_ACTIVE_ARCH = YES;
				SDKROOT = iphoneos;
				SWIFT_OPTIMIZATION_LEVEL = "-Onone";
				TARGETED_DEVICE_FAMILY = "1,2";
			};
			name = Debug;
		};
		DCE4D2251D64FBB600422673 /* Release */ = {
			isa = XCBuildConfiguration;
			buildSettings = {
				ALWAYS_SEARCH_USER_PATHS = NO;
				CLANG_ANALYZER_NONNULL = YES;
				CLANG_CXX_LANGUAGE_STANDARD = "gnu++0x";
				CLANG_CXX_LIBRARY = "libc++";
				CLANG_ENABLE_MODULES = YES;
				CLANG_ENABLE_OBJC_ARC = YES;
				CLANG_WARN_BOOL_CONVERSION = YES;
				CLANG_WARN_CONSTANT_CONVERSION = YES;
				CLANG_WARN_DIRECT_OBJC_ISA_USAGE = YES_ERROR;
				CLANG_WARN_EMPTY_BODY = YES;
				CLANG_WARN_ENUM_CONVERSION = YES;
				CLANG_WARN_INT_CONVERSION = YES;
				CLANG_WARN_OBJC_ROOT_CLASS = YES_ERROR;
				CLANG_WARN_UNREACHABLE_CODE = YES;
				CLANG_WARN__DUPLICATE_METHOD_MATCH = YES;
				"CODE_SIGN_IDENTITY[sdk=iphoneos*]" = "iPhone Developer";
				COPY_PHASE_STRIP = NO;
				DEBUG_INFORMATION_FORMAT = "dwarf-with-dsym";
				ENABLE_NS_ASSERTIONS = NO;
				ENABLE_STRICT_OBJC_MSGSEND = YES;
				GCC_C_LANGUAGE_STANDARD = gnu99;
				GCC_NO_COMMON_BLOCKS = YES;
				GCC_WARN_64_TO_32_BIT_CONVERSION = YES;
				GCC_WARN_ABOUT_RETURN_TYPE = YES_ERROR;
				GCC_WARN_UNDECLARED_SELECTOR = YES;
				GCC_WARN_UNINITIALIZED_AUTOS = YES_AGGRESSIVE;
				GCC_WARN_UNUSED_FUNCTION = YES;
				GCC_WARN_UNUSED_VARIABLE = YES;
				IPHONEOS_DEPLOYMENT_TARGET = 9.3;
				MTL_ENABLE_DEBUG_INFO = NO;
				SDKROOT = iphoneos;
				TARGETED_DEVICE_FAMILY = "1,2";
				VALIDATE_PRODUCT = YES;
			};
			name = Release;
		};
		DCE4D2271D64FBB600422673 /* Debug */ = {
			isa = XCBuildConfiguration;
			buildSettings = {
				ASSETCATALOG_COMPILER_APPICON_NAME = AppIcon;
				INFOPLIST_FILE = VirtualTourist/Info.plist;
				LD_RUNPATH_SEARCH_PATHS = "$(inherited) @executable_path/Frameworks";
				PRODUCT_BUNDLE_IDENTIFIER = info.felixchen.VirtualTourist;
				PRODUCT_NAME = "$(TARGET_NAME)";
			};
			name = Debug;
		};
		DCE4D2281D64FBB600422673 /* Release */ = {
			isa = XCBuildConfiguration;
			buildSettings = {
				ASSETCATALOG_COMPILER_APPICON_NAME = AppIcon;
				INFOPLIST_FILE = VirtualTourist/Info.plist;
				LD_RUNPATH_SEARCH_PATHS = "$(inherited) @executable_path/Frameworks";
				PRODUCT_BUNDLE_IDENTIFIER = info.felixchen.VirtualTourist;
				PRODUCT_NAME = "$(TARGET_NAME)";
			};
			name = Release;
		};
/* End XCBuildConfiguration section */

/* Begin XCConfigurationList section */
		DCE4D20F1D64FBB600422673 /* Build configuration list for PBXProject "VirtualTourist" */ = {
			isa = XCConfigurationList;
			buildConfigurations = (
				DCE4D2241D64FBB600422673 /* Debug */,
				DCE4D2251D64FBB600422673 /* Release */,
			);
			defaultConfigurationIsVisible = 0;
			defaultConfigurationName = Release;
		};
		DCE4D2261D64FBB600422673 /* Build configuration list for PBXNativeTarget "VirtualTourist" */ = {
			isa = XCConfigurationList;
			buildConfigurations = (
				DCE4D2271D64FBB600422673 /* Debug */,
				DCE4D2281D64FBB600422673 /* Release */,
			);
			defaultConfigurationIsVisible = 0;
			defaultConfigurationName = Release;
		};
/* End XCConfigurationList section */

/* Begin XCVersionGroup section */
		DC20686C1D650E1B006154C7 /* Model.xcdatamodeld */ = {
			isa = XCVersionGroup;
			children = (
				DC20686D1D650E1B006154C7 /* Model.xcdatamodel */,
			);
			currentVersion = DC20686D1D650E1B006154C7 /* Model.xcdatamodel */;
			path = Model.xcdatamodeld;
			sourceTree = "<group>";
			versionGroupType = wrapper.xcdatamodel;
		};
/* End XCVersionGroup section */
	};
	rootObject = DCE4D20C1D64FBB600422673 /* Project object */;
}
